
Microsoft Visual Studio Solution File, Format Version 12.00
# Visual Studio 15
VisualStudioVersion = 15.0.26730.8
MinimumVisualStudioVersion = 10.0.40219.1
Project("{9A19103F-16F7-4668-BE54-9A1E7A4F7556}") = "GW2 Live", "GW2 Live\GW2 Live.csproj", "{94CEB5E7-C23C-46A1-8095-0059617B78C3}"
EndProject
Project("{FAE04EC0-301F-11D3-BF4B-00C04F79EFBC}") = "Capture", "Capture\Capture.csproj", "{23178A3D-2AC0-419A-B1B6-59CA45191270}"
EndProject
Project("{FAE04EC0-301F-11D3-BF4B-00C04F79EFBC}") = "Test", "Test\Test.csproj", "{527A9B16-CA2C-4F60-9E64-6DAC95E59F4A}"
EndProject
Global
	GlobalSection(SolutionConfigurationPlatforms) = preSolution
		Debug|Any CPU = Debug|Any CPU
		Debug|x86 = Debug|x86
		Release|Any CPU = Release|Any CPU
		Release|x86 = Release|x86
	EndGlobalSection
	GlobalSection(ProjectConfigurationPlatforms) = postSolution
		{94CEB5E7-C23C-46A1-8095-0059617B78C3}.Debug|Any CPU.ActiveCfg = Debug|Any CPU
		{94CEB5E7-C23C-46A1-8095-0059617B78C3}.Debug|Any CPU.Build.0 = Debug|Any CPU
		{94CEB5E7-C23C-46A1-8095-0059617B78C3}.Debug|x86.ActiveCfg = Debug|Any CPU
		{94CEB5E7-C23C-46A1-8095-0059617B78C3}.Debug|x86.Build.0 = Debug|Any CPU
		{94CEB5E7-C23C-46A1-8095-0059617B78C3}.Release|Any CPU.ActiveCfg = Release|Any CPU
		{94CEB5E7-C23C-46A1-8095-0059617B78C3}.Release|Any CPU.Build.0 = Release|Any CPU
		{94CEB5E7-C23C-46A1-8095-0059617B78C3}.Release|x86.ActiveCfg = Release|Any CPU
		{94CEB5E7-C23C-46A1-8095-0059617B78C3}.Release|x86.Build.0 = Release|Any CPU
		{23178A3D-2AC0-419A-B1B6-59CA45191270}.Debug|Any CPU.ActiveCfg = Debug|Any CPU
		{23178A3D-2AC0-419A-B1B6-59CA45191270}.Debug|Any CPU.Build.0 = Debug|Any CPU
		{23178A3D-2AC0-419A-B1B6-59CA45191270}.Debug|x86.ActiveCfg = Debug|Any CPU
		{23178A3D-2AC0-419A-B1B6-59CA45191270}.Debug|x86.Build.0 = Debug|Any CPU
		{23178A3D-2AC0-419A-B1B6-59CA45191270}.Release|Any CPU.ActiveCfg = Release|Any CPU
		{23178A3D-2AC0-419A-B1B6-59CA45191270}.Release|Any CPU.Build.0 = Release|Any CPU
		{23178A3D-2AC0-419A-B1B6-59CA45191270}.Release|x86.ActiveCfg = Release|Any CPU
		{23178A3D-2AC0-419A-B1B6-59CA45191270}.Release|x86.Build.0 = Release|Any CPU
		{527A9B16-CA2C-4F60-9E64-6DAC95E59F4A}.Debug|Any CPU.ActiveCfg = Debug|Any CPU
		{527A9B16-CA2C-4F60-9E64-6DAC95E59F4A}.Debug|Any CPU.Build.0 = Debug|Any CPU
		{527A9B16-CA2C-4F60-9E64-6DAC95E59F4A}.Debug|x86.ActiveCfg = Debug|Any CPU
		{527A9B16-CA2C-4F60-9E64-6DAC95E59F4A}.Debug|x86.Build.0 = Debug|Any CPU
		{527A9B16-CA2C-4F60-9E64-6DAC95E59F4A}.Release|Any CPU.ActiveCfg = Release|Any CPU
		{527A9B16-CA2C-4F60-9E64-6DAC95E59F4A}.Release|Any CPU.Build.0 = Release|Any CPU
		{527A9B16-CA2C-4F60-9E64-6DAC95E59F4A}.Release|x86.ActiveCfg = Release|Any CPU
		{527A9B16-CA2C-4F60-9E64-6DAC95E59F4A}.Release|x86.Build.0 = Release|Any CPU
	EndGlobalSection
	GlobalSection(SolutionProperties) = preSolution
		HideSolutionNode = FALSE
	EndGlobalSection
	GlobalSection(ExtensibilityGlobals) = postSolution
		SolutionGuid = {800B8D6F-E817-452B-B8CA-4B908E3E2D3A}
	EndGlobalSection
EndGlobal
